// !$*UTF8*$!
{
	archiveVersion = 1;
	classes = {
	};
	objectVersion = 55;
	objects = {

/* Begin PBXBuildFile section */
		161959C729256BFC00E2CC45 /* AppDelegate.swift in Sources */ = {isa = PBXBuildFile; fileRef = 161959C629256BFC00E2CC45 /* AppDelegate.swift */; };
		161959CD29256BFC00E2CC45 /* GameScene.swift in Sources */ = {isa = PBXBuildFile; fileRef = 161959CC29256BFC00E2CC45 /* GameScene.swift */; };
		161959CF29256BFC00E2CC45 /* GameViewController.swift in Sources */ = {isa = PBXBuildFile; fileRef = 161959CE29256BFC00E2CC45 /* GameViewController.swift */; };
		161959D229256BFC00E2CC45 /* Main.storyboard in Resources */ = {isa = PBXBuildFile; fileRef = 161959D029256BFC00E2CC45 /* Main.storyboard */; };
		161959D429256BFF00E2CC45 /* Assets.xcassets in Resources */ = {isa = PBXBuildFile; fileRef = 161959D329256BFF00E2CC45 /* Assets.xcassets */; };
		161959D729256BFF00E2CC45 /* LaunchScreen.storyboard in Resources */ = {isa = PBXBuildFile; fileRef = 161959D529256BFF00E2CC45 /* LaunchScreen.storyboard */; };
		161959E42925782E00E2CC45 /* Character.swift in Sources */ = {isa = PBXBuildFile; fileRef = 161959E32925782E00E2CC45 /* Character.swift */; };
		161959E82926B5A200E2CC45 /* PhysicsCategory.swift in Sources */ = {isa = PBXBuildFile; fileRef = 161959E72926B5A200E2CC45 /* PhysicsCategory.swift */; };
		161959EC2926C80300E2CC45 /* AnimatedObject.swift in Sources */ = {isa = PBXBuildFile; fileRef = 161959EB2926C80300E2CC45 /* AnimatedObject.swift */; };
		1656686D292EAD8A00D0F52A /* Menu.swift in Sources */ = {isa = PBXBuildFile; fileRef = 1656686C292EAD8A00D0F52A /* Menu.swift */; };
		6172C3D12926CFBA003C21FE /* CustomizedButton.swift in Sources */ = {isa = PBXBuildFile; fileRef = 6172C3D02926CFBA003C21FE /* CustomizedButton.swift */; };
		9524E9CE29257D4E007AFBB2 /* Obstacle.swift in Sources */ = {isa = PBXBuildFile; fileRef = 9524E9CD29257D4E007AFBB2 /* Obstacle.swift */; };
		9524E9D0292589A8007AFBB2 /* BirdObstacle.swift in Sources */ = {isa = PBXBuildFile; fileRef = 9524E9CF292589A8007AFBB2 /* BirdObstacle.swift */; };
		956960702926B11C00CF81EA /* TombstoneObstacle.swift in Sources */ = {isa = PBXBuildFile; fileRef = 9569606F2926B11C00CF81EA /* TombstoneObstacle.swift */; };
		956960732926B56D00CF81EA /* GhostObstacle.swift in Sources */ = {isa = PBXBuildFile; fileRef = 956960722926B56D00CF81EA /* GhostObstacle.swift */; };
		956960752926B63D00CF81EA /* HandObstacle.swift in Sources */ = {isa = PBXBuildFile; fileRef = 956960742926B63D00CF81EA /* HandObstacle.swift */; };
		B98E203929273F030022E94F /* pipo.mp3 in Resources */ = {isa = PBXBuildFile; fileRef = B98E203829273F030022E94F /* pipo.mp3 */; };
		B98E203B292806CB0022E94F /* Score.swift in Sources */ = {isa = PBXBuildFile; fileRef = B98E203A292806CB0022E94F /* Score.swift */; };
		B9B3C84B29272E4100403187 /* AVAudio.swift in Sources */ = {isa = PBXBuildFile; fileRef = B9B3C84A29272E4100403187 /* AVAudio.swift */; };
		B9E6427529315D0E00E8C3F3 /* personagem.atlas in Resources */ = {isa = PBXBuildFile; fileRef = B9E6427429315D0E00E8C3F3 /* personagem.atlas */; };
/* End PBXBuildFile section */

/* Begin PBXFileReference section */
		161959C329256BFC00E2CC45 /* MiniChallenge#2.app */ = {isa = PBXFileReference; explicitFileType = wrapper.application; includeInIndex = 0; path = "MiniChallenge#2.app"; sourceTree = BUILT_PRODUCTS_DIR; };
		161959C629256BFC00E2CC45 /* AppDelegate.swift */ = {isa = PBXFileReference; lastKnownFileType = sourcecode.swift; path = AppDelegate.swift; sourceTree = "<group>"; };
		161959CC29256BFC00E2CC45 /* GameScene.swift */ = {isa = PBXFileReference; lastKnownFileType = sourcecode.swift; path = GameScene.swift; sourceTree = "<group>"; };
		161959CE29256BFC00E2CC45 /* GameViewController.swift */ = {isa = PBXFileReference; lastKnownFileType = sourcecode.swift; path = GameViewController.swift; sourceTree = "<group>"; };
		161959D129256BFC00E2CC45 /* Base */ = {isa = PBXFileReference; lastKnownFileType = file.storyboard; name = Base; path = Base.lproj/Main.storyboard; sourceTree = "<group>"; };
		161959D329256BFF00E2CC45 /* Assets.xcassets */ = {isa = PBXFileReference; lastKnownFileType = folder.assetcatalog; path = Assets.xcassets; sourceTree = "<group>"; };
		161959D629256BFF00E2CC45 /* Base */ = {isa = PBXFileReference; lastKnownFileType = file.storyboard; name = Base; path = Base.lproj/LaunchScreen.storyboard; sourceTree = "<group>"; };
		161959E32925782E00E2CC45 /* Character.swift */ = {isa = PBXFileReference; lastKnownFileType = sourcecode.swift; path = Character.swift; sourceTree = "<group>"; };
		161959E72926B5A200E2CC45 /* PhysicsCategory.swift */ = {isa = PBXFileReference; lastKnownFileType = sourcecode.swift; path = PhysicsCategory.swift; sourceTree = "<group>"; };
		161959EB2926C80300E2CC45 /* AnimatedObject.swift */ = {isa = PBXFileReference; lastKnownFileType = sourcecode.swift; path = AnimatedObject.swift; sourceTree = "<group>"; };
		1656686C292EAD8A00D0F52A /* Menu.swift */ = {isa = PBXFileReference; lastKnownFileType = sourcecode.swift; path = Menu.swift; sourceTree = "<group>"; };
		6172C3D02926CFBA003C21FE /* CustomizedButton.swift */ = {isa = PBXFileReference; lastKnownFileType = sourcecode.swift; path = CustomizedButton.swift; sourceTree = "<group>"; };
		9524E9CD29257D4E007AFBB2 /* Obstacle.swift */ = {isa = PBXFileReference; lastKnownFileType = sourcecode.swift; path = Obstacle.swift; sourceTree = "<group>"; };
		9524E9CF292589A8007AFBB2 /* BirdObstacle.swift */ = {isa = PBXFileReference; lastKnownFileType = sourcecode.swift; path = BirdObstacle.swift; sourceTree = "<group>"; };
		9569606F2926B11C00CF81EA /* TombstoneObstacle.swift */ = {isa = PBXFileReference; lastKnownFileType = sourcecode.swift; path = TombstoneObstacle.swift; sourceTree = "<group>"; };
		956960722926B56D00CF81EA /* GhostObstacle.swift */ = {isa = PBXFileReference; lastKnownFileType = sourcecode.swift; path = GhostObstacle.swift; sourceTree = "<group>"; };
		956960742926B63D00CF81EA /* HandObstacle.swift */ = {isa = PBXFileReference; lastKnownFileType = sourcecode.swift; path = HandObstacle.swift; sourceTree = "<group>"; };
		B98E203829273F030022E94F /* pipo.mp3 */ = {isa = PBXFileReference; lastKnownFileType = audio.mp3; path = pipo.mp3; sourceTree = "<group>"; };
		B98E203A292806CB0022E94F /* Score.swift */ = {isa = PBXFileReference; lastKnownFileType = sourcecode.swift; path = Score.swift; sourceTree = "<group>"; };
		B9B3C84A29272E4100403187 /* AVAudio.swift */ = {isa = PBXFileReference; lastKnownFileType = sourcecode.swift; path = AVAudio.swift; sourceTree = "<group>"; };
		B9E6427429315D0E00E8C3F3 /* personagem.atlas */ = {isa = PBXFileReference; lastKnownFileType = folder.skatlas; path = personagem.atlas; sourceTree = "<group>"; };
/* End PBXFileReference section */

/* Begin PBXFrameworksBuildPhase section */
		161959C029256BFC00E2CC45 /* Frameworks */ = {
			isa = PBXFrameworksBuildPhase;
			buildActionMask = 2147483647;
			files = (
			);
			runOnlyForDeploymentPostprocessing = 0;
		};
/* End PBXFrameworksBuildPhase section */

/* Begin PBXGroup section */
		161959BA29256BFC00E2CC45 = {
			isa = PBXGroup;
			children = (
				161959C529256BFC00E2CC45 /* MiniChallenge#2 */,
				161959C429256BFC00E2CC45 /* Products */,
			);
			sourceTree = "<group>";
		};
		161959C429256BFC00E2CC45 /* Products */ = {
			isa = PBXGroup;
			children = (
				161959C329256BFC00E2CC45 /* MiniChallenge#2.app */,
			);
			name = Products;
			sourceTree = "<group>";
		};
		161959C529256BFC00E2CC45 /* MiniChallenge#2 */ = {
			isa = PBXGroup;
			children = (
				161959E029256C8100E2CC45 /* Utils */,
				161959DD29256C0900E2CC45 /* Model */,
				161959DE29256C1100E2CC45 /* View */,
				161959DF29256C1600E2CC45 /* Controller */,
			);
			path = "MiniChallenge#2";
			sourceTree = "<group>";
		};
		161959DD29256C0900E2CC45 /* Model */ = {
			isa = PBXGroup;
			children = (
				956960712926B3A200CF81EA /* Obstacle */,
				161959E32925782E00E2CC45 /* Character.swift */,
				161959E72926B5A200E2CC45 /* PhysicsCategory.swift */,
			);
			path = Model;
			sourceTree = "<group>";
		};
		161959DE29256C1100E2CC45 /* View */ = {
			isa = PBXGroup;
			children = (
				B9B3C84C2927306900403187 /* Storyboard */,
				6172C3CF2926C71E003C21FE /* SKNodes */,
			);
			path = View;
			sourceTree = "<group>";
		};
		161959DF29256C1600E2CC45 /* Controller */ = {
			isa = PBXGroup;
			children = (
				B98E2041292827A90022E94F /* AVAudio */,
				B98E2040292827060022E94F /* Score */,
				B98E203E292824D10022E94F /* SKScenes */,
				161959CE29256BFC00E2CC45 /* GameViewController.swift */,
				161959EB2926C80300E2CC45 /* AnimatedObject.swift */,
			);
			path = Controller;
			sourceTree = "<group>";
		};
		161959E029256C8100E2CC45 /* Utils */ = {
			isa = PBXGroup;
			children = (
				B9E6427429315D0E00E8C3F3 /* personagem.atlas */,
				B98E203C292824280022E94F /* Sounds */,
				161959D329256BFF00E2CC45 /* Assets.xcassets */,
				161959C629256BFC00E2CC45 /* AppDelegate.swift */,
			);
			path = Utils;
			sourceTree = "<group>";
		};
		6172C3CF2926C71E003C21FE /* SKNodes */ = {
			isa = PBXGroup;
			children = (
				1656686C292EAD8A00D0F52A /* Menu.swift */,
				6172C3D02926CFBA003C21FE /* CustomizedButton.swift */,
			);
			path = SKNodes;
			sourceTree = "<group>";
		};
		956960712926B3A200CF81EA /* Obstacle */ = {
			isa = PBXGroup;
			children = (
				9524E9CD29257D4E007AFBB2 /* Obstacle.swift */,
				9524E9CF292589A8007AFBB2 /* BirdObstacle.swift */,
				9569606F2926B11C00CF81EA /* TombstoneObstacle.swift */,
				956960722926B56D00CF81EA /* GhostObstacle.swift */,
				956960742926B63D00CF81EA /* HandObstacle.swift */,
			);
			path = Obstacle;
			sourceTree = "<group>";
		};
		B98E203C292824280022E94F /* Sounds */ = {
			isa = PBXGroup;
			children = (
				B98E203829273F030022E94F /* pipo.mp3 */,
			);
			path = Sounds;
			sourceTree = "<group>";
		};
		B98E203E292824D10022E94F /* SKScenes */ = {
			isa = PBXGroup;
			children = (
				161959CC29256BFC00E2CC45 /* GameScene.swift */,
			);
			path = SKScenes;
			sourceTree = "<group>";
		};
		B98E2040292827060022E94F /* Score */ = {
			isa = PBXGroup;
			children = (
				B98E203A292806CB0022E94F /* Score.swift */,
			);
			path = Score;
			sourceTree = "<group>";
		};
		B98E2041292827A90022E94F /* AVAudio */ = {
			isa = PBXGroup;
			children = (
				B9B3C84A29272E4100403187 /* AVAudio.swift */,
			);
			path = AVAudio;
			sourceTree = "<group>";
		};
		B9B3C84C2927306900403187 /* Storyboard */ = {
			isa = PBXGroup;
			children = (
				161959D529256BFF00E2CC45 /* LaunchScreen.storyboard */,
				161959D029256BFC00E2CC45 /* Main.storyboard */,
			);
			path = Storyboard;
			sourceTree = "<group>";
		};
/* End PBXGroup section */

/* Begin PBXNativeTarget section */
		161959C229256BFC00E2CC45 /* MiniChallenge#2 */ = {
			isa = PBXNativeTarget;
			buildConfigurationList = 161959DA29256BFF00E2CC45 /* Build configuration list for PBXNativeTarget "MiniChallenge#2" */;
			buildPhases = (
				161959BF29256BFC00E2CC45 /* Sources */,
				161959C029256BFC00E2CC45 /* Frameworks */,
				161959C129256BFC00E2CC45 /* Resources */,
			);
			buildRules = (
			);
			dependencies = (
			);
			name = "MiniChallenge#2";
			productName = "MiniChallenge#2";
			productReference = 161959C329256BFC00E2CC45 /* MiniChallenge#2.app */;
			productType = "com.apple.product-type.application";
		};
/* End PBXNativeTarget section */

/* Begin PBXProject section */
		161959BB29256BFC00E2CC45 /* Project object */ = {
			isa = PBXProject;
			attributes = {
				BuildIndependentTargetsInParallel = 1;
				LastSwiftUpdateCheck = 1340;
				LastUpgradeCheck = 1340;
				TargetAttributes = {
					161959C229256BFC00E2CC45 = {
						CreatedOnToolsVersion = 13.4.1;
					};
				};
			};
			buildConfigurationList = 161959BE29256BFC00E2CC45 /* Build configuration list for PBXProject "MiniChallenge#2" */;
			compatibilityVersion = "Xcode 13.0";
			developmentRegion = en;
			hasScannedForEncodings = 0;
			knownRegions = (
				en,
				Base,
			);
			mainGroup = 161959BA29256BFC00E2CC45;
			productRefGroup = 161959C429256BFC00E2CC45 /* Products */;
			projectDirPath = "";
			projectRoot = "";
			targets = (
				161959C229256BFC00E2CC45 /* MiniChallenge#2 */,
			);
		};
/* End PBXProject section */

/* Begin PBXResourcesBuildPhase section */
		161959C129256BFC00E2CC45 /* Resources */ = {
			isa = PBXResourcesBuildPhase;
			buildActionMask = 2147483647;
			files = (
				161959D229256BFC00E2CC45 /* Main.storyboard in Resources */,
				B9E6427529315D0E00E8C3F3 /* personagem.atlas in Resources */,
				161959D429256BFF00E2CC45 /* Assets.xcassets in Resources */,
				B98E203929273F030022E94F /* pipo.mp3 in Resources */,
				161959D729256BFF00E2CC45 /* LaunchScreen.storyboard in Resources */,
			);
			runOnlyForDeploymentPostprocessing = 0;
		};
/* End PBXResourcesBuildPhase section */

/* Begin PBXSourcesBuildPhase section */
		161959BF29256BFC00E2CC45 /* Sources */ = {
			isa = PBXSourcesBuildPhase;
			buildActionMask = 2147483647;
			files = (
				6172C3D12926CFBA003C21FE /* CustomizedButton.swift in Sources */,
				161959CD29256BFC00E2CC45 /* GameScene.swift in Sources */,
				1656686D292EAD8A00D0F52A /* Menu.swift in Sources */,
				161959CF29256BFC00E2CC45 /* GameViewController.swift in Sources */,
				9524E9CE29257D4E007AFBB2 /* Obstacle.swift in Sources */,
				B9B3C84B29272E4100403187 /* AVAudio.swift in Sources */,
				B98E203B292806CB0022E94F /* Score.swift in Sources */,
				161959C729256BFC00E2CC45 /* AppDelegate.swift in Sources */,
				956960732926B56D00CF81EA /* GhostObstacle.swift in Sources */,
				956960752926B63D00CF81EA /* HandObstacle.swift in Sources */,
				956960702926B11C00CF81EA /* TombstoneObstacle.swift in Sources */,
				9524E9D0292589A8007AFBB2 /* BirdObstacle.swift in Sources */,
				161959E82926B5A200E2CC45 /* PhysicsCategory.swift in Sources */,
				161959C729256BFC00E2CC45 /* AppDelegate.swift in Sources */,
				161959E42925782E00E2CC45 /* Character.swift in Sources */,
				161959EC2926C80300E2CC45 /* AnimatedObject.swift in Sources */,
			);
			runOnlyForDeploymentPostprocessing = 0;
		};
/* End PBXSourcesBuildPhase section */

/* Begin PBXVariantGroup section */
		161959D029256BFC00E2CC45 /* Main.storyboard */ = {
			isa = PBXVariantGroup;
			children = (
				161959D129256BFC00E2CC45 /* Base */,
			);
			name = Main.storyboard;
			sourceTree = "<group>";
		};
		161959D529256BFF00E2CC45 /* LaunchScreen.storyboard */ = {
			isa = PBXVariantGroup;
			children = (
				161959D629256BFF00E2CC45 /* Base */,
			);
			name = LaunchScreen.storyboard;
			sourceTree = "<group>";
		};
/* End PBXVariantGroup section */

/* Begin XCBuildConfiguration section */
		161959D829256BFF00E2CC45 /* Debug */ = {
			isa = XCBuildConfiguration;
			buildSettings = {
				ALWAYS_SEARCH_USER_PATHS = NO;
				CLANG_ANALYZER_NONNULL = YES;
				CLANG_ANALYZER_NUMBER_OBJECT_CONVERSION = YES_AGGRESSIVE;
				CLANG_CXX_LANGUAGE_STANDARD = "gnu++17";
				CLANG_ENABLE_MODULES = YES;
				CLANG_ENABLE_OBJC_ARC = YES;
				CLANG_ENABLE_OBJC_WEAK = YES;
				CLANG_WARN_BLOCK_CAPTURE_AUTORELEASING = YES;
				CLANG_WARN_BOOL_CONVERSION = YES;
				CLANG_WARN_COMMA = YES;
				CLANG_WARN_CONSTANT_CONVERSION = YES;
				CLANG_WARN_DEPRECATED_OBJC_IMPLEMENTATIONS = YES;
				CLANG_WARN_DIRECT_OBJC_ISA_USAGE = YES_ERROR;
				CLANG_WARN_DOCUMENTATION_COMMENTS = YES;
				CLANG_WARN_EMPTY_BODY = YES;
				CLANG_WARN_ENUM_CONVERSION = YES;
				CLANG_WARN_INFINITE_RECURSION = YES;
				CLANG_WARN_INT_CONVERSION = YES;
				CLANG_WARN_NON_LITERAL_NULL_CONVERSION = YES;
				CLANG_WARN_OBJC_IMPLICIT_RETAIN_SELF = YES;
				CLANG_WARN_OBJC_LITERAL_CONVERSION = YES;
				CLANG_WARN_OBJC_ROOT_CLASS = YES_ERROR;
				CLANG_WARN_QUOTED_INCLUDE_IN_FRAMEWORK_HEADER = YES;
				CLANG_WARN_RANGE_LOOP_ANALYSIS = YES;
				CLANG_WARN_STRICT_PROTOTYPES = YES;
				CLANG_WARN_SUSPICIOUS_MOVE = YES;
				CLANG_WARN_UNGUARDED_AVAILABILITY = YES_AGGRESSIVE;
				CLANG_WARN_UNREACHABLE_CODE = YES;
				CLANG_WARN__DUPLICATE_METHOD_MATCH = YES;
				COPY_PHASE_STRIP = NO;
				DEBUG_INFORMATION_FORMAT = dwarf;
				ENABLE_STRICT_OBJC_MSGSEND = YES;
				ENABLE_TESTABILITY = YES;
				GCC_C_LANGUAGE_STANDARD = gnu11;
				GCC_DYNAMIC_NO_PIC = NO;
				GCC_NO_COMMON_BLOCKS = YES;
				GCC_OPTIMIZATION_LEVEL = 0;
				GCC_PREPROCESSOR_DEFINITIONS = (
					"DEBUG=1",
					"$(inherited)",
				);
				GCC_WARN_64_TO_32_BIT_CONVERSION = YES;
				GCC_WARN_ABOUT_RETURN_TYPE = YES_ERROR;
				GCC_WARN_UNDECLARED_SELECTOR = YES;
				GCC_WARN_UNINITIALIZED_AUTOS = YES_AGGRESSIVE;
				GCC_WARN_UNUSED_FUNCTION = YES;
				GCC_WARN_UNUSED_VARIABLE = YES;
				IPHONEOS_DEPLOYMENT_TARGET = 15.4;
				MTL_ENABLE_DEBUG_INFO = INCLUDE_SOURCE;
				MTL_FAST_MATH = YES;
				ONLY_ACTIVE_ARCH = YES;
				SDKROOT = iphoneos;
				SWIFT_ACTIVE_COMPILATION_CONDITIONS = DEBUG;
				SWIFT_OPTIMIZATION_LEVEL = "-Onone";
			};
			name = Debug;
		};
		161959D929256BFF00E2CC45 /* Release */ = {
			isa = XCBuildConfiguration;
			buildSettings = {
				ALWAYS_SEARCH_USER_PATHS = NO;
				CLANG_ANALYZER_NONNULL = YES;
				CLANG_ANALYZER_NUMBER_OBJECT_CONVERSION = YES_AGGRESSIVE;
				CLANG_CXX_LANGUAGE_STANDARD = "gnu++17";
				CLANG_ENABLE_MODULES = YES;
				CLANG_ENABLE_OBJC_ARC = YES;
				CLANG_ENABLE_OBJC_WEAK = YES;
				CLANG_WARN_BLOCK_CAPTURE_AUTORELEASING = YES;
				CLANG_WARN_BOOL_CONVERSION = YES;
				CLANG_WARN_COMMA = YES;
				CLANG_WARN_CONSTANT_CONVERSION = YES;
				CLANG_WARN_DEPRECATED_OBJC_IMPLEMENTATIONS = YES;
				CLANG_WARN_DIRECT_OBJC_ISA_USAGE = YES_ERROR;
				CLANG_WARN_DOCUMENTATION_COMMENTS = YES;
				CLANG_WARN_EMPTY_BODY = YES;
				CLANG_WARN_ENUM_CONVERSION = YES;
				CLANG_WARN_INFINITE_RECURSION = YES;
				CLANG_WARN_INT_CONVERSION = YES;
				CLANG_WARN_NON_LITERAL_NULL_CONVERSION = YES;
				CLANG_WARN_OBJC_IMPLICIT_RETAIN_SELF = YES;
				CLANG_WARN_OBJC_LITERAL_CONVERSION = YES;
				CLANG_WARN_OBJC_ROOT_CLASS = YES_ERROR;
				CLANG_WARN_QUOTED_INCLUDE_IN_FRAMEWORK_HEADER = YES;
				CLANG_WARN_RANGE_LOOP_ANALYSIS = YES;
				CLANG_WARN_STRICT_PROTOTYPES = YES;
				CLANG_WARN_SUSPICIOUS_MOVE = YES;
				CLANG_WARN_UNGUARDED_AVAILABILITY = YES_AGGRESSIVE;
				CLANG_WARN_UNREACHABLE_CODE = YES;
				CLANG_WARN__DUPLICATE_METHOD_MATCH = YES;
				COPY_PHASE_STRIP = NO;
				DEBUG_INFORMATION_FORMAT = "dwarf-with-dsym";
				ENABLE_NS_ASSERTIONS = NO;
				ENABLE_STRICT_OBJC_MSGSEND = YES;
				GCC_C_LANGUAGE_STANDARD = gnu11;
				GCC_NO_COMMON_BLOCKS = YES;
				GCC_WARN_64_TO_32_BIT_CONVERSION = YES;
				GCC_WARN_ABOUT_RETURN_TYPE = YES_ERROR;
				GCC_WARN_UNDECLARED_SELECTOR = YES;
				GCC_WARN_UNINITIALIZED_AUTOS = YES_AGGRESSIVE;
				GCC_WARN_UNUSED_FUNCTION = YES;
				GCC_WARN_UNUSED_VARIABLE = YES;
				IPHONEOS_DEPLOYMENT_TARGET = 15.4;
				MTL_ENABLE_DEBUG_INFO = NO;
				MTL_FAST_MATH = YES;
				SDKROOT = iphoneos;
				SWIFT_COMPILATION_MODE = wholemodule;
				SWIFT_OPTIMIZATION_LEVEL = "-O";
				VALIDATE_PRODUCT = YES;
			};
			name = Release;
		};
		161959DB29256BFF00E2CC45 /* Debug */ = {
			isa = XCBuildConfiguration;
			buildSettings = {
				ASSETCATALOG_COMPILER_APPICON_NAME = AppIcon;
				ASSETCATALOG_COMPILER_GLOBAL_ACCENT_COLOR_NAME = AccentColor;
				CODE_SIGN_STYLE = Automatic;
				CURRENT_PROJECT_VERSION = 1;
				DEVELOPMENT_TEAM = 76KNCX7A8A;
				GENERATE_INFOPLIST_FILE = YES;
				INFOPLIST_KEY_LSApplicationCategoryType = "public.app-category.games";
				INFOPLIST_KEY_UIApplicationSupportsIndirectInputEvents = YES;
				INFOPLIST_KEY_UILaunchStoryboardName = LaunchScreen;
				INFOPLIST_KEY_UIMainStoryboardFile = Main;
				INFOPLIST_KEY_UIStatusBarHidden = YES;
				INFOPLIST_KEY_UISupportedInterfaceOrientations = "UIInterfaceOrientationLandscapeLeft UIInterfaceOrientationLandscapeRight";
				INFOPLIST_KEY_UISupportedInterfaceOrientations_iPad = "UIInterfaceOrientationLandscapeLeft UIInterfaceOrientationLandscapeRight UIInterfaceOrientationPortrait UIInterfaceOrientationPortraitUpsideDown";
				IPHONEOS_DEPLOYMENT_TARGET = 15.3;
				LD_RUNPATH_SEARCH_PATHS = (
					"$(inherited)",
					"@executable_path/Frameworks",
				);
				MARKETING_VERSION = 1.0;
				PRODUCT_BUNDLE_IDENTIFIER = "com.pnimoveis.MiniChallenge-2";
				PRODUCT_NAME = "$(TARGET_NAME)";
				SUPPORTED_PLATFORMS = "iphoneos iphonesimulator";
				SUPPORTS_MACCATALYST = NO;
				SUPPORTS_MAC_DESIGNED_FOR_IPHONE_IPAD = NO;
				SWIFT_EMIT_LOC_STRINGS = YES;
				SWIFT_VERSION = 5.0;
				TARGETED_DEVICE_FAMILY = 1;
			};
			name = Debug;
		};
		161959DC29256BFF00E2CC45 /* Release */ = {
			isa = XCBuildConfiguration;
			buildSettings = {
				ASSETCATALOG_COMPILER_APPICON_NAME = AppIcon;
				ASSETCATALOG_COMPILER_GLOBAL_ACCENT_COLOR_NAME = AccentColor;
				CODE_SIGN_STYLE = Automatic;
				CURRENT_PROJECT_VERSION = 1;
				DEVELOPMENT_TEAM = 76KNCX7A8A;
				GENERATE_INFOPLIST_FILE = YES;
				INFOPLIST_KEY_LSApplicationCategoryType = "public.app-category.games";
				INFOPLIST_KEY_UIApplicationSupportsIndirectInputEvents = YES;
				INFOPLIST_KEY_UILaunchStoryboardName = LaunchScreen;
				INFOPLIST_KEY_UIMainStoryboardFile = Main;
				INFOPLIST_KEY_UIStatusBarHidden = YES;
				INFOPLIST_KEY_UISupportedInterfaceOrientations = "UIInterfaceOrientationLandscapeLeft UIInterfaceOrientationLandscapeRight";
				INFOPLIST_KEY_UISupportedInterfaceOrientations_iPad = "UIInterfaceOrientationLandscapeLeft UIInterfaceOrientationLandscapeRight UIInterfaceOrientationPortrait UIInterfaceOrientationPortraitUpsideDown";
				IPHONEOS_DEPLOYMENT_TARGET = 15.3;
				LD_RUNPATH_SEARCH_PATHS = (
					"$(inherited)",
					"@executable_path/Frameworks",
				);
				MARKETING_VERSION = 1.0;
				PRODUCT_BUNDLE_IDENTIFIER = "com.pnimoveis.MiniChallenge-2";
				PRODUCT_NAME = "$(TARGET_NAME)";
				SUPPORTED_PLATFORMS = "iphoneos iphonesimulator";
				SUPPORTS_MACCATALYST = NO;
				SUPPORTS_MAC_DESIGNED_FOR_IPHONE_IPAD = NO;
				SWIFT_EMIT_LOC_STRINGS = YES;
				SWIFT_VERSION = 5.0;
				TARGETED_DEVICE_FAMILY = 1;
			};
			name = Release;
		};
/* End XCBuildConfiguration section */

/* Begin XCConfigurationList section */
		161959BE29256BFC00E2CC45 /* Build configuration list for PBXProject "MiniChallenge#2" */ = {
			isa = XCConfigurationList;
			buildConfigurations = (
				161959D829256BFF00E2CC45 /* Debug */,
				161959D929256BFF00E2CC45 /* Release */,
			);
			defaultConfigurationIsVisible = 0;
			defaultConfigurationName = Release;
		};
		161959DA29256BFF00E2CC45 /* Build configuration list for PBXNativeTarget "MiniChallenge#2" */ = {
			isa = XCConfigurationList;
			buildConfigurations = (
				161959DB29256BFF00E2CC45 /* Debug */,
				161959DC29256BFF00E2CC45 /* Release */,
			);
			defaultConfigurationIsVisible = 0;
			defaultConfigurationName = Release;
		};
/* End XCConfigurationList section */
	};
	rootObject = 161959BB29256BFC00E2CC45 /* Project object */;
}
